
Microsoft Visual Studio Solution File, Format Version 12.00
# Visual Studio 2013
VisualStudioVersion = 12.0.21005.1
MinimumVisualStudioVersion = 10.0.40219.1
Project("{F184B08F-C81C-45F6-A57F-5ABD9991F28F}") = "TrackingSystem", "TrackingSystem\TrackingSystem.vbproj", "{8DA4B0B8-63F0-4D7E-868A-51DDF6D05354}"
EndProject
Project("{F184B08F-C81C-45F6-A57F-5ABD9991F28F}") = "BE", "BE\BE.vbproj", "{9C6878B3-59D6-4EC2-AB8B-389974ECBA1E}"
EndProject
Project("{F184B08F-C81C-45F6-A57F-5ABD9991F28F}") = "DAL", "DAL\DAL.vbproj", "{64FC49CD-3D1B-474C-8E3D-83DAC050B1EA}"
	ProjectSection(ProjectDependencies) = postProject
		{9C6878B3-59D6-4EC2-AB8B-389974ECBA1E} = {9C6878B3-59D6-4EC2-AB8B-389974ECBA1E}
	EndProjectSection
EndProject
Project("{F184B08F-C81C-45F6-A57F-5ABD9991F28F}") = "idioma", "UI\idioma.vbproj", "{15F8F30A-D7F6-4F7B-AED4-C173147EB3D4}"
EndProject
Project("{F184B08F-C81C-45F6-A57F-5ABD9991F28F}") = "BLL", "BLL\BLL.vbproj", "{30E35E5D-23C8-47DF-8367-18FAA379779D}"
EndProject
Global
	GlobalSection(SolutionConfigurationPlatforms) = preSolution
		Debug|Any CPU = Debug|Any CPU
		Release|Any CPU = Release|Any CPU
	EndGlobalSection
	GlobalSection(ProjectConfigurationPlatforms) = postSolution
		{8DA4B0B8-63F0-4D7E-868A-51DDF6D05354}.Debug|Any CPU.ActiveCfg = Debug|Any CPU
		{8DA4B0B8-63F0-4D7E-868A-51DDF6D05354}.Debug|Any CPU.Build.0 = Debug|Any CPU
		{8DA4B0B8-63F0-4D7E-868A-51DDF6D05354}.Release|Any CPU.ActiveCfg = Release|Any CPU
		{8DA4B0B8-63F0-4D7E-868A-51DDF6D05354}.Release|Any CPU.Build.0 = Release|Any CPU
		{9C6878B3-59D6-4EC2-AB8B-389974ECBA1E}.Debug|Any CPU.ActiveCfg = Debug|Any CPU
		{9C6878B3-59D6-4EC2-AB8B-389974ECBA1E}.Debug|Any CPU.Build.0 = Debug|Any CPU
		{9C6878B3-59D6-4EC2-AB8B-389974ECBA1E}.Release|Any CPU.ActiveCfg = Release|Any CPU
		{9C6878B3-59D6-4EC2-AB8B-389974ECBA1E}.Release|Any CPU.Build.0 = Release|Any CPU
		{64FC49CD-3D1B-474C-8E3D-83DAC050B1EA}.Debug|Any CPU.ActiveCfg = Debug|Any CPU
		{64FC49CD-3D1B-474C-8E3D-83DAC050B1EA}.Debug|Any CPU.Build.0 = Debug|Any CPU
		{64FC49CD-3D1B-474C-8E3D-83DAC050B1EA}.Release|Any CPU.ActiveCfg = Release|Any CPU
		{64FC49CD-3D1B-474C-8E3D-83DAC050B1EA}.Release|Any CPU.Build.0 = Release|Any CPU
		{15F8F30A-D7F6-4F7B-AED4-C173147EB3D4}.Debug|Any CPU.ActiveCfg = Debug|Any CPU
		{15F8F30A-D7F6-4F7B-AED4-C173147EB3D4}.Debug|Any CPU.Build.0 = Debug|Any CPU
		{15F8F30A-D7F6-4F7B-AED4-C173147EB3D4}.Release|Any CPU.ActiveCfg = Release|Any CPU
		{15F8F30A-D7F6-4F7B-AED4-C173147EB3D4}.Release|Any CPU.Build.0 = Release|Any CPU
		{30E35E5D-23C8-47DF-8367-18FAA379779D}.Debug|Any CPU.ActiveCfg = Debug|Any CPU
		{30E35E5D-23C8-47DF-8367-18FAA379779D}.Debug|Any CPU.Build.0 = Debug|Any CPU
		{30E35E5D-23C8-47DF-8367-18FAA379779D}.Release|Any CPU.ActiveCfg = Release|Any CPU
		{30E35E5D-23C8-47DF-8367-18FAA379779D}.Release|Any CPU.Build.0 = Release|Any CPU
	EndGlobalSection
	GlobalSection(SolutionProperties) = preSolution
		HideSolutionNode = FALSE
	EndGlobalSection
EndGlobal
